// !$*UTF8*$!
{
	archiveVersion = 1;
	classes = {
	};
	objectVersion = 52;
	objects = {

/* Begin PBXBuildFile section */
		D882E88A2478DB0B0020BB37 /* AppDelegate.swift in Sources */ = {isa = PBXBuildFile; fileRef = D882E8892478DB0B0020BB37 /* AppDelegate.swift */; };
		D882E88C2478DB0B0020BB37 /* SceneDelegate.swift in Sources */ = {isa = PBXBuildFile; fileRef = D882E88B2478DB0B0020BB37 /* SceneDelegate.swift */; };
		D882E88E2478DB0B0020BB37 /* ContentView.swift in Sources */ = {isa = PBXBuildFile; fileRef = D882E88D2478DB0B0020BB37 /* ContentView.swift */; };
		D882E8902478DB0D0020BB37 /* Assets.xcassets in Resources */ = {isa = PBXBuildFile; fileRef = D882E88F2478DB0D0020BB37 /* Assets.xcassets */; };
		D882E8932478DB0D0020BB37 /* Preview Assets.xcassets in Resources */ = {isa = PBXBuildFile; fileRef = D882E8922478DB0D0020BB37 /* Preview Assets.xcassets */; };
		D882E8962478DB0D0020BB37 /* LaunchScreen.storyboard in Resources */ = {isa = PBXBuildFile; fileRef = D882E8942478DB0D0020BB37 /* LaunchScreen.storyboard */; };
		D882E8A12478DB0D0020BB37 /* MatrixTests.swift in Sources */ = {isa = PBXBuildFile; fileRef = D882E8A02478DB0D0020BB37 /* MatrixTests.swift */; };
		D882E8AD2478DBED0020BB37 /* MatrixClient in Frameworks */ = {isa = PBXBuildFile; productRef = D882E8AC2478DBED0020BB37 /* MatrixClient */; };
/* End PBXBuildFile section */

/* Begin PBXContainerItemProxy section */
		D882E89D2478DB0D0020BB37 /* PBXContainerItemProxy */ = {
			isa = PBXContainerItemProxy;
			containerPortal = D882E87E2478DB0B0020BB37 /* Project object */;
			proxyType = 1;
			remoteGlobalIDString = D882E8852478DB0B0020BB37;
			remoteInfo = Matrix;
		};
/* End PBXContainerItemProxy section */

/* Begin PBXFileReference section */
		D882E8862478DB0B0020BB37 /* Matrix.app */ = {isa = PBXFileReference; explicitFileType = wrapper.application; includeInIndex = 0; path = Matrix.app; sourceTree = BUILT_PRODUCTS_DIR; };
		D882E8892478DB0B0020BB37 /* AppDelegate.swift */ = {isa = PBXFileReference; lastKnownFileType = sourcecode.swift; path = AppDelegate.swift; sourceTree = "<group>"; };
		D882E88B2478DB0B0020BB37 /* SceneDelegate.swift */ = {isa = PBXFileReference; lastKnownFileType = sourcecode.swift; path = SceneDelegate.swift; sourceTree = "<group>"; };
		D882E88D2478DB0B0020BB37 /* ContentView.swift */ = {isa = PBXFileReference; lastKnownFileType = sourcecode.swift; path = ContentView.swift; sourceTree = "<group>"; };
		D882E88F2478DB0D0020BB37 /* Assets.xcassets */ = {isa = PBXFileReference; lastKnownFileType = folder.assetcatalog; path = Assets.xcassets; sourceTree = "<group>"; };
		D882E8922478DB0D0020BB37 /* Preview Assets.xcassets */ = {isa = PBXFileReference; lastKnownFileType = folder.assetcatalog; path = "Preview Assets.xcassets"; sourceTree = "<group>"; };
		D882E8952478DB0D0020BB37 /* Base */ = {isa = PBXFileReference; lastKnownFileType = file.storyboard; name = Base; path = Base.lproj/LaunchScreen.storyboard; sourceTree = "<group>"; };
		D882E8972478DB0D0020BB37 /* Info.plist */ = {isa = PBXFileReference; lastKnownFileType = text.plist.xml; path = Info.plist; sourceTree = "<group>"; };
		D882E89C2478DB0D0020BB37 /* MatrixTests.xctest */ = {isa = PBXFileReference; explicitFileType = wrapper.cfbundle; includeInIndex = 0; path = MatrixTests.xctest; sourceTree = BUILT_PRODUCTS_DIR; };
		D882E8A02478DB0D0020BB37 /* MatrixTests.swift */ = {isa = PBXFileReference; lastKnownFileType = sourcecode.swift; path = MatrixTests.swift; sourceTree = "<group>"; };
		D882E8A22478DB0D0020BB37 /* Info.plist */ = {isa = PBXFileReference; lastKnownFileType = text.plist.xml; path = Info.plist; sourceTree = "<group>"; };
/* End PBXFileReference section */

/* Begin PBXFrameworksBuildPhase section */
		D882E8832478DB0B0020BB37 /* Frameworks */ = {
			isa = PBXFrameworksBuildPhase;
			buildActionMask = 2147483647;
			files = (
				D882E8AD2478DBED0020BB37 /* MatrixClient in Frameworks */,
			);
			runOnlyForDeploymentPostprocessing = 0;
		};
		D882E8992478DB0D0020BB37 /* Frameworks */ = {
			isa = PBXFrameworksBuildPhase;
			buildActionMask = 2147483647;
			files = (
			);
			runOnlyForDeploymentPostprocessing = 0;
		};
/* End PBXFrameworksBuildPhase section */

/* Begin PBXGroup section */
		D882E87D2478DB0B0020BB37 = {
			isa = PBXGroup;
			children = (
				D882E8882478DB0B0020BB37 /* Matrix */,
				D882E89F2478DB0D0020BB37 /* MatrixTests */,
				D882E8872478DB0B0020BB37 /* Products */,
			);
			sourceTree = "<group>";
		};
		D882E8872478DB0B0020BB37 /* Products */ = {
			isa = PBXGroup;
			children = (
				D882E8862478DB0B0020BB37 /* Matrix.app */,
				D882E89C2478DB0D0020BB37 /* MatrixTests.xctest */,
			);
			name = Products;
			sourceTree = "<group>";
		};
		D882E8882478DB0B0020BB37 /* Matrix */ = {
			isa = PBXGroup;
			children = (
				D882E8892478DB0B0020BB37 /* AppDelegate.swift */,
				D882E88B2478DB0B0020BB37 /* SceneDelegate.swift */,
				D882E88D2478DB0B0020BB37 /* ContentView.swift */,
				D882E88F2478DB0D0020BB37 /* Assets.xcassets */,
				D882E8942478DB0D0020BB37 /* LaunchScreen.storyboard */,
				D882E8972478DB0D0020BB37 /* Info.plist */,
				D882E8912478DB0D0020BB37 /* Preview Content */,
			);
			path = Matrix;
			sourceTree = "<group>";
		};
		D882E8912478DB0D0020BB37 /* Preview Content */ = {
			isa = PBXGroup;
			children = (
				D882E8922478DB0D0020BB37 /* Preview Assets.xcassets */,
			);
			path = "Preview Content";
			sourceTree = "<group>";
		};
		D882E89F2478DB0D0020BB37 /* MatrixTests */ = {
			isa = PBXGroup;
			children = (
				D882E8A02478DB0D0020BB37 /* MatrixTests.swift */,
				D882E8A22478DB0D0020BB37 /* Info.plist */,
			);
			path = MatrixTests;
			sourceTree = "<group>";
		};
/* End PBXGroup section */

/* Begin PBXNativeTarget section */
		D882E8852478DB0B0020BB37 /* Matrix */ = {
			isa = PBXNativeTarget;
			buildConfigurationList = D882E8A52478DB0D0020BB37 /* Build configuration list for PBXNativeTarget "Matrix" */;
			buildPhases = (
				D882E8822478DB0B0020BB37 /* Sources */,
				D882E8832478DB0B0020BB37 /* Frameworks */,
				D882E8842478DB0B0020BB37 /* Resources */,
			);
			buildRules = (
			);
			dependencies = (
			);
			name = Matrix;
			packageProductDependencies = (
				D882E8AC2478DBED0020BB37 /* MatrixClient */,
			);
			productName = Matrix;
			productReference = D882E8862478DB0B0020BB37 /* Matrix.app */;
			productType = "com.apple.product-type.application";
		};
		D882E89B2478DB0D0020BB37 /* MatrixTests */ = {
			isa = PBXNativeTarget;
			buildConfigurationList = D882E8A82478DB0D0020BB37 /* Build configuration list for PBXNativeTarget "MatrixTests" */;
			buildPhases = (
				D882E8982478DB0D0020BB37 /* Sources */,
				D882E8992478DB0D0020BB37 /* Frameworks */,
				D882E89A2478DB0D0020BB37 /* Resources */,
			);
			buildRules = (
			);
			dependencies = (
				D882E89E2478DB0D0020BB37 /* PBXTargetDependency */,
			);
			name = MatrixTests;
			productName = MatrixTests;
			productReference = D882E89C2478DB0D0020BB37 /* MatrixTests.xctest */;
			productType = "com.apple.product-type.bundle.unit-test";
		};
/* End PBXNativeTarget section */

/* Begin PBXProject section */
		D882E87E2478DB0B0020BB37 /* Project object */ = {
			isa = PBXProject;
			attributes = {
				LastSwiftUpdateCheck = 1140;
				LastUpgradeCheck = 1140;
				ORGANIZATIONNAME = ctarda;
				TargetAttributes = {
					D882E8852478DB0B0020BB37 = {
						CreatedOnToolsVersion = 11.4.1;
					};
					D882E89B2478DB0D0020BB37 = {
						CreatedOnToolsVersion = 11.4.1;
						TestTargetID = D882E8852478DB0B0020BB37;
					};
				};
			};
			buildConfigurationList = D882E8812478DB0B0020BB37 /* Build configuration list for PBXProject "Matrix" */;
			compatibilityVersion = "Xcode 9.3";
			developmentRegion = en;
			hasScannedForEncodings = 0;
			knownRegions = (
				en,
				Base,
			);
			mainGroup = D882E87D2478DB0B0020BB37;
			packageReferences = (
				D882E8AB2478DBED0020BB37 /* XCRemoteSwiftPackageReference "MatrixClient" */,
			);
			productRefGroup = D882E8872478DB0B0020BB37 /* Products */;
			projectDirPath = "";
			projectRoot = "";
			targets = (
				D882E8852478DB0B0020BB37 /* Matrix */,
				D882E89B2478DB0D0020BB37 /* MatrixTests */,
			);
		};
/* End PBXProject section */

/* Begin PBXResourcesBuildPhase section */
		D882E8842478DB0B0020BB37 /* Resources */ = {
			isa = PBXResourcesBuildPhase;
			buildActionMask = 2147483647;
			files = (
				D882E8962478DB0D0020BB37 /* LaunchScreen.storyboard in Resources */,
				D882E8932478DB0D0020BB37 /* Preview Assets.xcassets in Resources */,
				D882E8902478DB0D0020BB37 /* Assets.xcassets in Resources */,
			);
			runOnlyForDeploymentPostprocessing = 0;
		};
		D882E89A2478DB0D0020BB37 /* Resources */ = {
			isa = PBXResourcesBuildPhase;
			buildActionMask = 2147483647;
			files = (
			);
			runOnlyForDeploymentPostprocessing = 0;
		};
/* End PBXResourcesBuildPhase section */

/* Begin PBXSourcesBuildPhase section */
		D882E8822478DB0B0020BB37 /* Sources */ = {
			isa = PBXSourcesBuildPhase;
			buildActionMask = 2147483647;
			files = (
				D882E88A2478DB0B0020BB37 /* AppDelegate.swift in Sources */,
				D882E88C2478DB0B0020BB37 /* SceneDelegate.swift in Sources */,
				D882E88E2478DB0B0020BB37 /* ContentView.swift in Sources */,
			);
			runOnlyForDeploymentPostprocessing = 0;
		};
		D882E8982478DB0D0020BB37 /* Sources */ = {
			isa = PBXSourcesBuildPhase;
			buildActionMask = 2147483647;
			files = (
				D882E8A12478DB0D0020BB37 /* MatrixTests.swift in Sources */,
			);
			runOnlyForDeploymentPostprocessing = 0;
		};
/* End PBXSourcesBuildPhase section */

/* Begin PBXTargetDependency section */
		D882E89E2478DB0D0020BB37 /* PBXTargetDependency */ = {
			isa = PBXTargetDependency;
			target = D882E8852478DB0B0020BB37 /* Matrix */;
			targetProxy = D882E89D2478DB0D0020BB37 /* PBXContainerItemProxy */;
		};
/* End PBXTargetDependency section */

/* Begin PBXVariantGroup section */
		D882E8942478DB0D0020BB37 /* LaunchScreen.storyboard */ = {
			isa = PBXVariantGroup;
			children = (
				D882E8952478DB0D0020BB37 /* Base */,
			);
			name = LaunchScreen.storyboard;
			sourceTree = "<group>";
		};
/* End PBXVariantGroup section */

/* Begin XCBuildConfiguration section */
		D882E8A32478DB0D0020BB37 /* Debug */ = {
			isa = XCBuildConfiguration;
			buildSettings = {
				ALWAYS_SEARCH_USER_PATHS = NO;
				CLANG_ANALYZER_NONNULL = YES;
				CLANG_ANALYZER_NUMBER_OBJECT_CONVERSION = YES_AGGRESSIVE;
				CLANG_CXX_LANGUAGE_STANDARD = "gnu++14";
				CLANG_CXX_LIBRARY = "libc++";
				CLANG_ENABLE_MODULES = YES;
				CLANG_ENABLE_OBJC_ARC = YES;
				CLANG_ENABLE_OBJC_WEAK = YES;
				CLANG_WARN_BLOCK_CAPTURE_AUTORELEASING = YES;
				CLANG_WARN_BOOL_CONVERSION = YES;
				CLANG_WARN_COMMA = YES;
				CLANG_WARN_CONSTANT_CONVERSION = YES;
				CLANG_WARN_DEPRECATED_OBJC_IMPLEMENTATIONS = YES;
				CLANG_WARN_DIRECT_OBJC_ISA_USAGE = YES_ERROR;
				CLANG_WARN_DOCUMENTATION_COMMENTS = YES;
				CLANG_WARN_EMPTY_BODY = YES;
				CLANG_WARN_ENUM_CONVERSION = YES;
				CLANG_WARN_INFINITE_RECURSION = YES;
				CLANG_WARN_INT_CONVERSION = YES;
				CLANG_WARN_NON_LITERAL_NULL_CONVERSION = YES;
				CLANG_WARN_OBJC_IMPLICIT_RETAIN_SELF = YES;
				CLANG_WARN_OBJC_LITERAL_CONVERSION = YES;
				CLANG_WARN_OBJC_ROOT_CLASS = YES_ERROR;
				CLANG_WARN_RANGE_LOOP_ANALYSIS = YES;
				CLANG_WARN_STRICT_PROTOTYPES = YES;
				CLANG_WARN_SUSPICIOUS_MOVE = YES;
				CLANG_WARN_UNGUARDED_AVAILABILITY = YES_AGGRESSIVE;
				CLANG_WARN_UNREACHABLE_CODE = YES;
				CLANG_WARN__DUPLICATE_METHOD_MATCH = YES;
				COPY_PHASE_STRIP = NO;
				DEBUG_INFORMATION_FORMAT = dwarf;
				ENABLE_STRICT_OBJC_MSGSEND = YES;
				ENABLE_TESTABILITY = YES;
				GCC_C_LANGUAGE_STANDARD = gnu11;
				GCC_DYNAMIC_NO_PIC = NO;
				GCC_NO_COMMON_BLOCKS = YES;
				GCC_OPTIMIZATION_LEVEL = 0;
				GCC_PREPROCESSOR_DEFINITIONS = (
					"DEBUG=1",
					"$(inherited)",
				);
				GCC_WARN_64_TO_32_BIT_CONVERSION = YES;
				GCC_WARN_ABOUT_RETURN_TYPE = YES_ERROR;
				GCC_WARN_UNDECLARED_SELECTOR = YES;
				GCC_WARN_UNINITIALIZED_AUTOS = YES_AGGRESSIVE;
				GCC_WARN_UNUSED_FUNCTION = YES;
				GCC_WARN_UNUSED_VARIABLE = YES;
				IPHONEOS_DEPLOYMENT_TARGET = 13.4;
				MTL_ENABLE_DEBUG_INFO = INCLUDE_SOURCE;
				MTL_FAST_MATH = YES;
				ONLY_ACTIVE_ARCH = YES;
				SDKROOT = iphoneos;
				SWIFT_ACTIVE_COMPILATION_CONDITIONS = DEBUG;
				SWIFT_OPTIMIZATION_LEVEL = "-Onone";
			};
			name = Debug;
		};
		D882E8A42478DB0D0020BB37 /* Release */ = {
			isa = XCBuildConfiguration;
			buildSettings = {
				ALWAYS_SEARCH_USER_PATHS = NO;
				CLANG_ANALYZER_NONNULL = YES;
				CLANG_ANALYZER_NUMBER_OBJECT_CONVERSION = YES_AGGRESSIVE;
				CLANG_CXX_LANGUAGE_STANDARD = "gnu++14";
				CLANG_CXX_LIBRARY = "libc++";
				CLANG_ENABLE_MODULES = YES;
				CLANG_ENABLE_OBJC_ARC = YES;
				CLANG_ENABLE_OBJC_WEAK = YES;
				CLANG_WARN_BLOCK_CAPTURE_AUTORELEASING = YES;
				CLANG_WARN_BOOL_CONVERSION = YES;
				CLANG_WARN_COMMA = YES;
				CLANG_WARN_CONSTANT_CONVERSION = YES;
				CLANG_WARN_DEPRECATED_OBJC_IMPLEMENTATIONS = YES;
				CLANG_WARN_DIRECT_OBJC_ISA_USAGE = YES_ERROR;
				CLANG_WARN_DOCUMENTATION_COMMENTS = YES;
				CLANG_WARN_EMPTY_BODY = YES;
				CLANG_WARN_ENUM_CONVERSION = YES;
				CLANG_WARN_INFINITE_RECURSION = YES;
				CLANG_WARN_INT_CONVERSION = YES;
				CLANG_WARN_NON_LITERAL_NULL_CONVERSION = YES;
				CLANG_WARN_OBJC_IMPLICIT_RETAIN_SELF = YES;
				CLANG_WARN_OBJC_LITERAL_CONVERSION = YES;
				CLANG_WARN_OBJC_ROOT_CLASS = YES_ERROR;
				CLANG_WARN_RANGE_LOOP_ANALYSIS = YES;
				CLANG_WARN_STRICT_PROTOTYPES = YES;
				CLANG_WARN_SUSPICIOUS_MOVE = YES;
				CLANG_WARN_UNGUARDED_AVAILABILITY = YES_AGGRESSIVE;
				CLANG_WARN_UNREACHABLE_CODE = YES;
				CLANG_WARN__DUPLICATE_METHOD_MATCH = YES;
				COPY_PHASE_STRIP = NO;
				DEBUG_INFORMATION_FORMAT = "dwarf-with-dsym";
				ENABLE_NS_ASSERTIONS = NO;
				ENABLE_STRICT_OBJC_MSGSEND = YES;
				GCC_C_LANGUAGE_STANDARD = gnu11;
				GCC_NO_COMMON_BLOCKS = YES;
				GCC_WARN_64_TO_32_BIT_CONVERSION = YES;
				GCC_WARN_ABOUT_RETURN_TYPE = YES_ERROR;
				GCC_WARN_UNDECLARED_SELECTOR = YES;
				GCC_WARN_UNINITIALIZED_AUTOS = YES_AGGRESSIVE;
				GCC_WARN_UNUSED_FUNCTION = YES;
				GCC_WARN_UNUSED_VARIABLE = YES;
				IPHONEOS_DEPLOYMENT_TARGET = 13.4;
				MTL_ENABLE_DEBUG_INFO = NO;
				MTL_FAST_MATH = YES;
				SDKROOT = iphoneos;
				SWIFT_COMPILATION_MODE = wholemodule;
				SWIFT_OPTIMIZATION_LEVEL = "-O";
				VALIDATE_PRODUCT = YES;
			};
			name = Release;
		};
		D882E8A62478DB0D0020BB37 /* Debug */ = {
			isa = XCBuildConfiguration;
			buildSettings = {
				ASSETCATALOG_COMPILER_APPICON_NAME = AppIcon;
				CODE_SIGN_STYLE = Automatic;
				DEVELOPMENT_ASSET_PATHS = "\"Matrix/Preview Content\"";
				ENABLE_PREVIEWS = YES;
				INFOPLIST_FILE = Matrix/Info.plist;
				LD_RUNPATH_SEARCH_PATHS = (
					"$(inherited)",
					"@executable_path/Frameworks",
				);
				PRODUCT_BUNDLE_IDENTIFIER = com.ctarda.Matrix;
				PRODUCT_NAME = "$(TARGET_NAME)";
				SWIFT_VERSION = 5.0;
				TARGETED_DEVICE_FAMILY = "1,2";
			};
			name = Debug;
		};
		D882E8A72478DB0D0020BB37 /* Release */ = {
			isa = XCBuildConfiguration;
			buildSettings = {
				ASSETCATALOG_COMPILER_APPICON_NAME = AppIcon;
				CODE_SIGN_STYLE = Automatic;
				DEVELOPMENT_ASSET_PATHS = "\"Matrix/Preview Content\"";
				ENABLE_PREVIEWS = YES;
				INFOPLIST_FILE = Matrix/Info.plist;
				LD_RUNPATH_SEARCH_PATHS = (
					"$(inherited)",
					"@executable_path/Frameworks",
				);
				PRODUCT_BUNDLE_IDENTIFIER = com.ctarda.Matrix;
				PRODUCT_NAME = "$(TARGET_NAME)";
				SWIFT_VERSION = 5.0;
				TARGETED_DEVICE_FAMILY = "1,2";
			};
			name = Release;
		};
		D882E8A92478DB0D0020BB37 /* Debug */ = {
			isa = XCBuildConfiguration;
			buildSettings = {
				ALWAYS_EMBED_SWIFT_STANDARD_LIBRARIES = YES;
				BUNDLE_LOADER = "$(TEST_HOST)";
				CODE_SIGN_STYLE = Automatic;
				INFOPLIST_FILE = MatrixTests/Info.plist;
				IPHONEOS_DEPLOYMENT_TARGET = 13.4;
				LD_RUNPATH_SEARCH_PATHS = (
					"$(inherited)",
					"@executable_path/Frameworks",
					"@loader_path/Frameworks",
				);
				PRODUCT_BUNDLE_IDENTIFIER = com.ctarda.MatrixTests;
				PRODUCT_NAME = "$(TARGET_NAME)";
				SWIFT_VERSION = 5.0;
				TARGETED_DEVICE_FAMILY = "1,2";
				TEST_HOST = "$(BUILT_PRODUCTS_DIR)/Matrix.app/Matrix";
			};
			name = Debug;
		};
		D882E8AA2478DB0D0020BB37 /* Release */ = {
			isa = XCBuildConfiguration;
			buildSettings = {
				ALWAYS_EMBED_SWIFT_STANDARD_LIBRARIES = YES;
				BUNDLE_LOADER = "$(TEST_HOST)";
				CODE_SIGN_STYLE = Automatic;
				INFOPLIST_FILE = MatrixTests/Info.plist;
				IPHONEOS_DEPLOYMENT_TARGET = 13.4;
				LD_RUNPATH_SEARCH_PATHS = (
					"$(inherited)",
					"@executable_path/Frameworks",
					"@loader_path/Frameworks",
				);
				PRODUCT_BUNDLE_IDENTIFIER = com.ctarda.MatrixTests;
				PRODUCT_NAME = "$(TARGET_NAME)";
				SWIFT_VERSION = 5.0;
				TARGETED_DEVICE_FAMILY = "1,2";
				TEST_HOST = "$(BUILT_PRODUCTS_DIR)/Matrix.app/Matrix";
			};
			name = Release;
		};
/* End XCBuildConfiguration section */

/* Begin XCConfigurationList section */
		D882E8812478DB0B0020BB37 /* Build configuration list for PBXProject "Matrix" */ = {
			isa = XCConfigurationList;
			buildConfigurations = (
				D882E8A32478DB0D0020BB37 /* Debug */,
				D882E8A42478DB0D0020BB37 /* Release */,
			);
			defaultConfigurationIsVisible = 0;
			defaultConfigurationName = Release;
		};
		D882E8A52478DB0D0020BB37 /* Build configuration list for PBXNativeTarget "Matrix" */ = {
			isa = XCConfigurationList;
			buildConfigurations = (
				D882E8A62478DB0D0020BB37 /* Debug */,
				D882E8A72478DB0D0020BB37 /* Release */,
			);
			defaultConfigurationIsVisible = 0;
			defaultConfigurationName = Release;
		};
		D882E8A82478DB0D0020BB37 /* Build configuration list for PBXNativeTarget "MatrixTests" */ = {
			isa = XCConfigurationList;
			buildConfigurations = (
				D882E8A92478DB0D0020BB37 /* Debug */,
				D882E8AA2478DB0D0020BB37 /* Release */,
			);
			defaultConfigurationIsVisible = 0;
			defaultConfigurationName = Release;
		};
/* End XCConfigurationList section */

/* Begin XCRemoteSwiftPackageReference section */
		D882E8AB2478DBED0020BB37 /* XCRemoteSwiftPackageReference "MatrixClient" */ = {
			isa = XCRemoteSwiftPackageReference;
			repositoryURL = "https://github.com/ctarda/MatrixClient.git";
			requirement = {
				branch = master;
				kind = branch;
			};
		};
/* End XCRemoteSwiftPackageReference section */

/* Begin XCSwiftPackageProductDependency section */
		D882E8AC2478DBED0020BB37 /* MatrixClient */ = {
			isa = XCSwiftPackageProductDependency;
			package = D882E8AB2478DBED0020BB37 /* XCRemoteSwiftPackageReference "MatrixClient" */;
			productName = MatrixClient;
		};
/* End XCSwiftPackageProductDependency section */
	};
	rootObject = D882E87E2478DB0B0020BB37 /* Project object */;
}
