{
  "object": {
    "pins": [
      {
        "package": "MatrixClient",
        "repositoryURL": "https://github.com/ctarda/MatrixClient.git",
        "state": {
          "branch": null,
          "revision": "adff3ebb25fc78eb93461e46d8053a16a35efa1b",
          "version": "0.0.3"
        }
      },
      {
        "package": "NetworkDispatcher",
        "repositoryURL": "https://github.com/ctarda/NetworkDispatcher.git",
        "state": {
          "branch": null,
          "revision": "4e0fe8d68d2203ad37cb7dc19fb5c92e8db6afbf",
          "version": "0.0.5"
        }
      }
    ]
  },
  "version": 1
}
